PODS:
  - CocoaLumberjack (3.5.3):
    - CocoaLumberjack/Core (= 3.5.3)
  - CocoaLumberjack/Core (3.5.3)
  - MPAFNetworking (2.5.4):
    - MPAFNetworking/NSURLConnection (= 2.5.4)
    - MPAFNetworking/NSURLSession (= 2.5.4)
    - MPAFNetworking/Reachability (= 2.5.4)
    - MPAFNetworking/Security (= 2.5.4)
    - MPAFNetworking/Serialization (= 2.5.4)
    - MPAFNetworking/UIKit (= 2.5.4)
  - MPAFNetworking/NSURLConnection (2.5.4):
    - MPAFNetworking/Reachability
    - MPAFNetworking/Security
    - MPAFNetworking/Serialization
  - MPAFNetworking/NSURLSession (2.5.4):
    - MPAFNetworking/Reachability
    - MPAFNetworking/Security
    - MPAFNetworking/Serialization
  - MPAFNetworking/Reachability (2.5.4)
  - MPAFNetworking/Security (2.5.4)
  - MPAFNetworking/Serialization (2.5.4)
  - MPAFNetworking/UIKit (2.5.4):
    - MPAFNetworking/NSURLConnection
    - MPAFNetworking/NSURLSession
  - payworks (2.31.4):
    - payworks/mpos (= 2.31.4)
  - payworks/mpos (2.31.4):
    - payworks/mpos/accessories (= 2.31.4)
    - payworks/mpos/comlinks (= 2.31.4)
    - payworks/mpos/core (= 2.31.4)
  - payworks/mpos/accessories (2.31.4):
    - payworks/mpos/accessories/miura (= 2.31.4)
    - payworks/mpos/accessories/sewoo (= 2.31.4)
    - payworks/mpos/accessories/verifone (= 2.31.4)
    - payworks/mpos/accessories/vipa (= 2.31.4)
  - payworks/mpos/accessories/miura (2.31.4):
    - payworks/mpos/comlinks/externalaccessory
    - payworks/mpos/comlinks/tcp
    - payworks/mpos/core
  - payworks/mpos/accessories/sewoo (2.31.4):
    - payworks/mpos/core
  - payworks/mpos/accessories/verifone (2.31.4):
    - payworks/mpos/comlinks/verifone
    - payworks/mpos/core
  - payworks/mpos/accessories/vipa (2.31.4):
    - payworks/mpos/comlinks/tcp
    - payworks/mpos/core
  - payworks/mpos/comlinks (2.31.4):
    - payworks/mpos/comlinks/externalaccessory (= 2.31.4)
    - payworks/mpos/comlinks/tcp (= 2.31.4)
    - payworks/mpos/comlinks/verifone (= 2.31.4)
  - payworks/mpos/comlinks/externalaccessory (2.31.4):
    - payworks/mpos/core
  - payworks/mpos/comlinks/tcp (2.31.4):
    - payworks/mpos/core
  - payworks/mpos/comlinks/verifone (2.31.4):
    - payworks/mpos/core
  - payworks/mpos/core (2.31.4):
    - CocoaLumberjack (~> 3.2)
    - MPAFNetworking (~> 2.5.4)

DEPENDENCIES:
  - payworks (~> 2.31.2)

SPEC REPOS:
  https://bitbucket.org/mpymnt/io.mpymnt.repo.pods.git:
    - MPAFNetworking
    - payworks
  https://github.com/cocoapods/specs.git:
    - CocoaLumberjack

SPEC CHECKSUMS:
  CocoaLumberjack: 2f44e60eb91c176d471fdba43b9e3eae6a721947
  MPAFNetworking: 7a85f28e8af049ff2de164b1f54724e8eebe0aac
  payworks: f87f0ef7c0045c6b6783deacb8354dd8ad406937

PODFILE CHECKSUM: 6f1b23a5cf31ce5d434536c98cbc23c8c422a0ce

COCOAPODS: 1.7.0
